
Microsoft Visual Studio Solution File, Format Version 12.00
# Visual Studio Version 17
VisualStudioVersion = 17.10.35122.118
MinimumVisualStudioVersion = 10.0.40219.1
Project("{FAE04EC0-301F-11D3-BF4B-00C04F79EFBC}") = "LR2SharpIlichev", "LR2SharpIlichev\LR2SharpIlichev.csproj", "{980E5E44-8FAF-4005-9CAC-A449C3DF8DCB}"
	ProjectSection(ProjectDependencies) = postProject
		{6D1A48B3-346C-4B39-8301-35F7C7E0490F} = {6D1A48B3-346C-4B39-8301-35F7C7E0490F}
	EndProjectSection
EndProject
Project("{8BC9CEB8-8B4A-11D0-8D11-00A0C91BC942}") = "LR2DLLIlichev", "LR2DLLIlichev\LR2DLLIlichev.vcxproj", "{6D1A48B3-346C-4B39-8301-35F7C7E0490F}"
EndProject
Global
	GlobalSection(SolutionConfigurationPlatforms) = preSolution
		Debug|Any CPU = Debug|Any CPU
		Debug|x64 = Debug|x64
		Debug|x86 = Debug|x86
		Release|Any CPU = Release|Any CPU
		Release|x64 = Release|x64
		Release|x86 = Release|x86
	EndGlobalSection
	GlobalSection(ProjectConfigurationPlatforms) = postSolution
		{980E5E44-8FAF-4005-9CAC-A449C3DF8DCB}.Debug|Any CPU.ActiveCfg = Debug|Any CPU
		{980E5E44-8FAF-4005-9CAC-A449C3DF8DCB}.Debug|Any CPU.Build.0 = Debug|Any CPU
		{980E5E44-8FAF-4005-9CAC-A449C3DF8DCB}.Debug|x64.ActiveCfg = Debug|Any CPU
		{980E5E44-8FAF-4005-9CAC-A449C3DF8DCB}.Debug|x64.Build.0 = Debug|Any CPU
		{980E5E44-8FAF-4005-9CAC-A449C3DF8DCB}.Debug|x86.ActiveCfg = Debug|Any CPU
		{980E5E44-8FAF-4005-9CAC-A449C3DF8DCB}.Debug|x86.Build.0 = Debug|Any CPU
		{980E5E44-8FAF-4005-9CAC-A449C3DF8DCB}.Release|Any CPU.ActiveCfg = Release|Any CPU
		{980E5E44-8FAF-4005-9CAC-A449C3DF8DCB}.Release|Any CPU.Build.0 = Release|Any CPU
		{980E5E44-8FAF-4005-9CAC-A449C3DF8DCB}.Release|x64.ActiveCfg = Release|Any CPU
		{980E5E44-8FAF-4005-9CAC-A449C3DF8DCB}.Release|x64.Build.0 = Release|Any CPU
		{980E5E44-8FAF-4005-9CAC-A449C3DF8DCB}.Release|x86.ActiveCfg = Release|Any CPU
		{980E5E44-8FAF-4005-9CAC-A449C3DF8DCB}.Release|x86.Build.0 = Release|Any CPU
		{6D1A48B3-346C-4B39-8301-35F7C7E0490F}.Debug|Any CPU.ActiveCfg = Debug|x64
		{6D1A48B3-346C-4B39-8301-35F7C7E0490F}.Debug|Any CPU.Build.0 = Debug|x64
		{6D1A48B3-346C-4B39-8301-35F7C7E0490F}.Debug|x64.ActiveCfg = Debug|x64
		{6D1A48B3-346C-4B39-8301-35F7C7E0490F}.Debug|x64.Build.0 = Debug|x64
		{6D1A48B3-346C-4B39-8301-35F7C7E0490F}.Debug|x86.ActiveCfg = Debug|Win32
		{6D1A48B3-346C-4B39-8301-35F7C7E0490F}.Debug|x86.Build.0 = Debug|Win32
		{6D1A48B3-346C-4B39-8301-35F7C7E0490F}.Release|Any CPU.ActiveCfg = Release|x64
		{6D1A48B3-346C-4B39-8301-35F7C7E0490F}.Release|Any CPU.Build.0 = Release|x64
		{6D1A48B3-346C-4B39-8301-35F7C7E0490F}.Release|x64.ActiveCfg = Release|x64
		{6D1A48B3-346C-4B39-8301-35F7C7E0490F}.Release|x64.Build.0 = Release|x64
		{6D1A48B3-346C-4B39-8301-35F7C7E0490F}.Release|x86.ActiveCfg = Release|Win32
		{6D1A48B3-346C-4B39-8301-35F7C7E0490F}.Release|x86.Build.0 = Release|Win32
	EndGlobalSection
	GlobalSection(SolutionProperties) = preSolution
		HideSolutionNode = FALSE
	EndGlobalSection
	GlobalSection(ExtensibilityGlobals) = postSolution
		SolutionGuid = {66068C75-8A26-4B7A-8532-B778E880DD5A}
	EndGlobalSection
EndGlobal
